// !$*UTF8*$!
{
	archiveVersion = 1;
	classes = {
	};
	objectVersion = 56;
	objects = {

/* Begin PBXBuildFile section */
		24951DC82A5A2A760003A75B /* Little_LemonApp.swift in Sources */ = {isa = PBXBuildFile; fileRef = 24951DC72A5A2A760003A75B /* Little_LemonApp.swift */; };
		24951DCA2A5A2A760003A75B /* ContentView.swift in Sources */ = {isa = PBXBuildFile; fileRef = 24951DC92A5A2A760003A75B /* ContentView.swift */; };
		24951DCC2A5A2A7A0003A75B /* Assets.xcassets in Resources */ = {isa = PBXBuildFile; fileRef = 24951DCB2A5A2A7A0003A75B /* Assets.xcassets */; };
		24951DCF2A5A2A7A0003A75B /* Preview Assets.xcassets in Resources */ = {isa = PBXBuildFile; fileRef = 24951DCE2A5A2A7A0003A75B /* Preview Assets.xcassets */; };
		24951DD12A5A2A7A0003A75B /* Persistence.swift in Sources */ = {isa = PBXBuildFile; fileRef = 24951DD02A5A2A7A0003A75B /* Persistence.swift */; };
		24951DD42A5A2A7A0003A75B /* Little_Lemon.xcdatamodeld in Sources */ = {isa = PBXBuildFile; fileRef = 24951DD22A5A2A7A0003A75B /* Little_Lemon.xcdatamodeld */; };
		24951DDE2A5A2A7B0003A75B /* Little_LemonTests.swift in Sources */ = {isa = PBXBuildFile; fileRef = 24951DDD2A5A2A7B0003A75B /* Little_LemonTests.swift */; };
		24951DE82A5A2A7B0003A75B /* Little_LemonUITests.swift in Sources */ = {isa = PBXBuildFile; fileRef = 24951DE72A5A2A7B0003A75B /* Little_LemonUITests.swift */; };
		24951DEA2A5A2A7B0003A75B /* Little_LemonUITestsLaunchTests.swift in Sources */ = {isa = PBXBuildFile; fileRef = 24951DE92A5A2A7B0003A75B /* Little_LemonUITestsLaunchTests.swift */; };
		24DCD26B2A5C683C00E6867A /* Onboarding.swift in Sources */ = {isa = PBXBuildFile; fileRef = 24DCD26A2A5C683C00E6867A /* Onboarding.swift */; };
		24DCD26D2A5C7E0500E6867A /* Home.swift in Sources */ = {isa = PBXBuildFile; fileRef = 24DCD26C2A5C7E0500E6867A /* Home.swift */; };
		24DCD26F2A5C7E6A00E6867A /* Menu.swift in Sources */ = {isa = PBXBuildFile; fileRef = 24DCD26E2A5C7E6A00E6867A /* Menu.swift */; };
		24EC366D2A5C948800E8DFED /* UserProfile.swift in Sources */ = {isa = PBXBuildFile; fileRef = 24EC366C2A5C948800E8DFED /* UserProfile.swift */; };
/* End PBXBuildFile section */

/* Begin PBXContainerItemProxy section */
		24951DDA2A5A2A7B0003A75B /* PBXContainerItemProxy */ = {
			isa = PBXContainerItemProxy;
			containerPortal = 24951DBC2A5A2A760003A75B /* Project object */;
			proxyType = 1;
			remoteGlobalIDString = 24951DC32A5A2A760003A75B;
			remoteInfo = "Little Lemon";
		};
		24951DE42A5A2A7B0003A75B /* PBXContainerItemProxy */ = {
			isa = PBXContainerItemProxy;
			containerPortal = 24951DBC2A5A2A760003A75B /* Project object */;
			proxyType = 1;
			remoteGlobalIDString = 24951DC32A5A2A760003A75B;
			remoteInfo = "Little Lemon";
		};
/* End PBXContainerItemProxy section */

/* Begin PBXFileReference section */
		24951DC42A5A2A760003A75B /* Little Lemon.app */ = {isa = PBXFileReference; explicitFileType = wrapper.application; includeInIndex = 0; path = "Little Lemon.app"; sourceTree = BUILT_PRODUCTS_DIR; };
		24951DC72A5A2A760003A75B /* Little_LemonApp.swift */ = {isa = PBXFileReference; lastKnownFileType = sourcecode.swift; path = Little_LemonApp.swift; sourceTree = "<group>"; };
		24951DC92A5A2A760003A75B /* ContentView.swift */ = {isa = PBXFileReference; lastKnownFileType = sourcecode.swift; path = ContentView.swift; sourceTree = "<group>"; };
		24951DCB2A5A2A7A0003A75B /* Assets.xcassets */ = {isa = PBXFileReference; lastKnownFileType = folder.assetcatalog; path = Assets.xcassets; sourceTree = "<group>"; };
		24951DCE2A5A2A7A0003A75B /* Preview Assets.xcassets */ = {isa = PBXFileReference; lastKnownFileType = folder.assetcatalog; path = "Preview Assets.xcassets"; sourceTree = "<group>"; };
		24951DD02A5A2A7A0003A75B /* Persistence.swift */ = {isa = PBXFileReference; lastKnownFileType = sourcecode.swift; path = Persistence.swift; sourceTree = "<group>"; };
		24951DD32A5A2A7A0003A75B /* Little_Lemon.xcdatamodel */ = {isa = PBXFileReference; lastKnownFileType = wrapper.xcdatamodel; path = Little_Lemon.xcdatamodel; sourceTree = "<group>"; };
		24951DD92A5A2A7B0003A75B /* Little LemonTests.xctest */ = {isa = PBXFileReference; explicitFileType = wrapper.cfbundle; includeInIndex = 0; path = "Little LemonTests.xctest"; sourceTree = BUILT_PRODUCTS_DIR; };
		24951DDD2A5A2A7B0003A75B /* Little_LemonTests.swift */ = {isa = PBXFileReference; lastKnownFileType = sourcecode.swift; path = Little_LemonTests.swift; sourceTree = "<group>"; };
		24951DE32A5A2A7B0003A75B /* Little LemonUITests.xctest */ = {isa = PBXFileReference; explicitFileType = wrapper.cfbundle; includeInIndex = 0; path = "Little LemonUITests.xctest"; sourceTree = BUILT_PRODUCTS_DIR; };
		24951DE72A5A2A7B0003A75B /* Little_LemonUITests.swift */ = {isa = PBXFileReference; lastKnownFileType = sourcecode.swift; path = Little_LemonUITests.swift; sourceTree = "<group>"; };
		24951DE92A5A2A7B0003A75B /* Little_LemonUITestsLaunchTests.swift */ = {isa = PBXFileReference; lastKnownFileType = sourcecode.swift; path = Little_LemonUITestsLaunchTests.swift; sourceTree = "<group>"; };
		24DCD26A2A5C683C00E6867A /* Onboarding.swift */ = {isa = PBXFileReference; lastKnownFileType = sourcecode.swift; path = Onboarding.swift; sourceTree = "<group>"; };
		24DCD26C2A5C7E0500E6867A /* Home.swift */ = {isa = PBXFileReference; lastKnownFileType = sourcecode.swift; path = Home.swift; sourceTree = "<group>"; };
		24DCD26E2A5C7E6A00E6867A /* Menu.swift */ = {isa = PBXFileReference; lastKnownFileType = sourcecode.swift; path = Menu.swift; sourceTree = "<group>"; };
		24EC366C2A5C948800E8DFED /* UserProfile.swift */ = {isa = PBXFileReference; lastKnownFileType = sourcecode.swift; path = UserProfile.swift; sourceTree = "<group>"; };
/* End PBXFileReference section */

/* Begin PBXFrameworksBuildPhase section */
		24951DC12A5A2A760003A75B /* Frameworks */ = {
			isa = PBXFrameworksBuildPhase;
			buildActionMask = 2147483647;
			files = (
			);
			runOnlyForDeploymentPostprocessing = 0;
		};
		24951DD62A5A2A7B0003A75B /* Frameworks */ = {
			isa = PBXFrameworksBuildPhase;
			buildActionMask = 2147483647;
			files = (
			);
			runOnlyForDeploymentPostprocessing = 0;
		};
		24951DE02A5A2A7B0003A75B /* Frameworks */ = {
			isa = PBXFrameworksBuildPhase;
			buildActionMask = 2147483647;
			files = (
			);
			runOnlyForDeploymentPostprocessing = 0;
		};
/* End PBXFrameworksBuildPhase section */

/* Begin PBXGroup section */
		24951DBB2A5A2A760003A75B = {
			isa = PBXGroup;
			children = (
				24951DC62A5A2A760003A75B /* Little Lemon */,
				24951DDC2A5A2A7B0003A75B /* Little LemonTests */,
				24951DE62A5A2A7B0003A75B /* Little LemonUITests */,
				24951DC52A5A2A760003A75B /* Products */,
			);
			sourceTree = "<group>";
		};
		24951DC52A5A2A760003A75B /* Products */ = {
			isa = PBXGroup;
			children = (
				24951DC42A5A2A760003A75B /* Little Lemon.app */,
				24951DD92A5A2A7B0003A75B /* Little LemonTests.xctest */,
				24951DE32A5A2A7B0003A75B /* Little LemonUITests.xctest */,
			);
			name = Products;
			sourceTree = "<group>";
		};
		24951DC62A5A2A760003A75B /* Little Lemon */ = {
			isa = PBXGroup;
			children = (
				24DCD2672A5C60E200E6867A /* views */,
				24951DC72A5A2A760003A75B /* Little_LemonApp.swift */,
				24951DC92A5A2A760003A75B /* ContentView.swift */,
				24951DCB2A5A2A7A0003A75B /* Assets.xcassets */,
				24951DD02A5A2A7A0003A75B /* Persistence.swift */,
				24951DD22A5A2A7A0003A75B /* Little_Lemon.xcdatamodeld */,
				24951DCD2A5A2A7A0003A75B /* Preview Content */,
			);
			path = "Little Lemon";
			sourceTree = "<group>";
		};
		24951DCD2A5A2A7A0003A75B /* Preview Content */ = {
			isa = PBXGroup;
			children = (
				24951DCE2A5A2A7A0003A75B /* Preview Assets.xcassets */,
			);
			path = "Preview Content";
			sourceTree = "<group>";
		};
		24951DDC2A5A2A7B0003A75B /* Little LemonTests */ = {
			isa = PBXGroup;
			children = (
				24951DDD2A5A2A7B0003A75B /* Little_LemonTests.swift */,
			);
			path = "Little LemonTests";
			sourceTree = "<group>";
		};
		24951DE62A5A2A7B0003A75B /* Little LemonUITests */ = {
			isa = PBXGroup;
			children = (
				24951DE72A5A2A7B0003A75B /* Little_LemonUITests.swift */,
				24951DE92A5A2A7B0003A75B /* Little_LemonUITestsLaunchTests.swift */,
			);
			path = "Little LemonUITests";
			sourceTree = "<group>";
		};
		24DCD2672A5C60E200E6867A /* views */ = {
			isa = PBXGroup;
			children = (
				24DCD26A2A5C683C00E6867A /* Onboarding.swift */,
				24DCD26C2A5C7E0500E6867A /* Home.swift */,
				24DCD26E2A5C7E6A00E6867A /* Menu.swift */,
				24EC366C2A5C948800E8DFED /* UserProfile.swift */,
			);
			path = views;
			sourceTree = "<group>";
		};
/* End PBXGroup section */

/* Begin PBXNativeTarget section */
		24951DC32A5A2A760003A75B /* Little Lemon */ = {
			isa = PBXNativeTarget;
			buildConfigurationList = 24951DED2A5A2A7B0003A75B /* Build configuration list for PBXNativeTarget "Little Lemon" */;
			buildPhases = (
				24951DC02A5A2A760003A75B /* Sources */,
				24951DC12A5A2A760003A75B /* Frameworks */,
				24951DC22A5A2A760003A75B /* Resources */,
			);
			buildRules = (
			);
			dependencies = (
			);
			name = "Little Lemon";
			productName = "Little Lemon";
			productReference = 24951DC42A5A2A760003A75B /* Little Lemon.app */;
			productType = "com.apple.product-type.application";
		};
		24951DD82A5A2A7B0003A75B /* Little LemonTests */ = {
			isa = PBXNativeTarget;
			buildConfigurationList = 24951DF02A5A2A7B0003A75B /* Build configuration list for PBXNativeTarget "Little LemonTests" */;
			buildPhases = (
				24951DD52A5A2A7B0003A75B /* Sources */,
				24951DD62A5A2A7B0003A75B /* Frameworks */,
				24951DD72A5A2A7B0003A75B /* Resources */,
			);
			buildRules = (
			);
			dependencies = (
				24951DDB2A5A2A7B0003A75B /* PBXTargetDependency */,
			);
			name = "Little LemonTests";
			productName = "Little LemonTests";
			productReference = 24951DD92A5A2A7B0003A75B /* Little LemonTests.xctest */;
			productType = "com.apple.product-type.bundle.unit-test";
		};
		24951DE22A5A2A7B0003A75B /* Little LemonUITests */ = {
			isa = PBXNativeTarget;
			buildConfigurationList = 24951DF32A5A2A7B0003A75B /* Build configuration list for PBXNativeTarget "Little LemonUITests" */;
			buildPhases = (
				24951DDF2A5A2A7B0003A75B /* Sources */,
				24951DE02A5A2A7B0003A75B /* Frameworks */,
				24951DE12A5A2A7B0003A75B /* Resources */,
			);
			buildRules = (
			);
			dependencies = (
				24951DE52A5A2A7B0003A75B /* PBXTargetDependency */,
			);
			name = "Little LemonUITests";
			productName = "Little LemonUITests";
			productReference = 24951DE32A5A2A7B0003A75B /* Little LemonUITests.xctest */;
			productType = "com.apple.product-type.bundle.ui-testing";
		};
/* End PBXNativeTarget section */

/* Begin PBXProject section */
		24951DBC2A5A2A760003A75B /* Project object */ = {
			isa = PBXProject;
			attributes = {
				BuildIndependentTargetsInParallel = 1;
				LastSwiftUpdateCheck = 1400;
				LastUpgradeCheck = 1400;
				TargetAttributes = {
					24951DC32A5A2A760003A75B = {
						CreatedOnToolsVersion = 14.0.1;
					};
					24951DD82A5A2A7B0003A75B = {
						CreatedOnToolsVersion = 14.0.1;
						TestTargetID = 24951DC32A5A2A760003A75B;
					};
					24951DE22A5A2A7B0003A75B = {
						CreatedOnToolsVersion = 14.0.1;
						TestTargetID = 24951DC32A5A2A760003A75B;
					};
				};
			};
			buildConfigurationList = 24951DBF2A5A2A760003A75B /* Build configuration list for PBXProject "Little Lemon" */;
			compatibilityVersion = "Xcode 14.0";
			developmentRegion = en;
			hasScannedForEncodings = 0;
			knownRegions = (
				en,
				Base,
			);
			mainGroup = 24951DBB2A5A2A760003A75B;
			productRefGroup = 24951DC52A5A2A760003A75B /* Products */;
			projectDirPath = "";
			projectRoot = "";
			targets = (
				24951DC32A5A2A760003A75B /* Little Lemon */,
				24951DD82A5A2A7B0003A75B /* Little LemonTests */,
				24951DE22A5A2A7B0003A75B /* Little LemonUITests */,
			);
		};
/* End PBXProject section */

/* Begin PBXResourcesBuildPhase section */
		24951DC22A5A2A760003A75B /* Resources */ = {
			isa = PBXResourcesBuildPhase;
			buildActionMask = 2147483647;
			files = (
				24951DCF2A5A2A7A0003A75B /* Preview Assets.xcassets in Resources */,
				24951DCC2A5A2A7A0003A75B /* Assets.xcassets in Resources */,
			);
			runOnlyForDeploymentPostprocessing = 0;
		};
		24951DD72A5A2A7B0003A75B /* Resources */ = {
			isa = PBXResourcesBuildPhase;
			buildActionMask = 2147483647;
			files = (
			);
			runOnlyForDeploymentPostprocessing = 0;
		};
		24951DE12A5A2A7B0003A75B /* Resources */ = {
			isa = PBXResourcesBuildPhase;
			buildActionMask = 2147483647;
			files = (
			);
			runOnlyForDeploymentPostprocessing = 0;
		};
/* End PBXResourcesBuildPhase section */

/* Begin PBXSourcesBuildPhase section */
		24951DC02A5A2A760003A75B /* Sources */ = {
			isa = PBXSourcesBuildPhase;
			buildActionMask = 2147483647;
			files = (
				24951DD12A5A2A7A0003A75B /* Persistence.swift in Sources */,
				24951DD42A5A2A7A0003A75B /* Little_Lemon.xcdatamodeld in Sources */,
				24DCD26F2A5C7E6A00E6867A /* Menu.swift in Sources */,
				24DCD26B2A5C683C00E6867A /* Onboarding.swift in Sources */,
				24EC366D2A5C948800E8DFED /* UserProfile.swift in Sources */,
				24951DCA2A5A2A760003A75B /* ContentView.swift in Sources */,
				24DCD26D2A5C7E0500E6867A /* Home.swift in Sources */,
				24951DC82A5A2A760003A75B /* Little_LemonApp.swift in Sources */,
			);
			runOnlyForDeploymentPostprocessing = 0;
		};
		24951DD52A5A2A7B0003A75B /* Sources */ = {
			isa = PBXSourcesBuildPhase;
			buildActionMask = 2147483647;
			files = (
				24951DDE2A5A2A7B0003A75B /* Little_LemonTests.swift in Sources */,
			);
			runOnlyForDeploymentPostprocessing = 0;
		};
		24951DDF2A5A2A7B0003A75B /* Sources */ = {
			isa = PBXSourcesBuildPhase;
			buildActionMask = 2147483647;
			files = (
				24951DEA2A5A2A7B0003A75B /* Little_LemonUITestsLaunchTests.swift in Sources */,
				24951DE82A5A2A7B0003A75B /* Little_LemonUITests.swift in Sources */,
			);
			runOnlyForDeploymentPostprocessing = 0;
		};
/* End PBXSourcesBuildPhase section */

/* Begin PBXTargetDependency section */
		24951DDB2A5A2A7B0003A75B /* PBXTargetDependency */ = {
			isa = PBXTargetDependency;
			target = 24951DC32A5A2A760003A75B /* Little Lemon */;
			targetProxy = 24951DDA2A5A2A7B0003A75B /* PBXContainerItemProxy */;
		};
		24951DE52A5A2A7B0003A75B /* PBXTargetDependency */ = {
			isa = PBXTargetDependency;
			target = 24951DC32A5A2A760003A75B /* Little Lemon */;
			targetProxy = 24951DE42A5A2A7B0003A75B /* PBXContainerItemProxy */;
		};
/* End PBXTargetDependency section */

/* Begin XCBuildConfiguration section */
		24951DEB2A5A2A7B0003A75B /* Debug */ = {
			isa = XCBuildConfiguration;
			buildSettings = {
				ALWAYS_SEARCH_USER_PATHS = NO;
				CLANG_ANALYZER_NONNULL = YES;
				CLANG_ANALYZER_NUMBER_OBJECT_CONVERSION = YES_AGGRESSIVE;
				CLANG_CXX_LANGUAGE_STANDARD = "gnu++20";
				CLANG_ENABLE_MODULES = YES;
				CLANG_ENABLE_OBJC_ARC = YES;
				CLANG_ENABLE_OBJC_WEAK = YES;
				CLANG_WARN_BLOCK_CAPTURE_AUTORELEASING = YES;
				CLANG_WARN_BOOL_CONVERSION = YES;
				CLANG_WARN_COMMA = YES;
				CLANG_WARN_CONSTANT_CONVERSION = YES;
				CLANG_WARN_DEPRECATED_OBJC_IMPLEMENTATIONS = YES;
				CLANG_WARN_DIRECT_OBJC_ISA_USAGE = YES_ERROR;
				CLANG_WARN_DOCUMENTATION_COMMENTS = YES;
				CLANG_WARN_EMPTY_BODY = YES;
				CLANG_WARN_ENUM_CONVERSION = YES;
				CLANG_WARN_INFINITE_RECURSION = YES;
				CLANG_WARN_INT_CONVERSION = YES;
				CLANG_WARN_NON_LITERAL_NULL_CONVERSION = YES;
				CLANG_WARN_OBJC_IMPLICIT_RETAIN_SELF = YES;
				CLANG_WARN_OBJC_LITERAL_CONVERSION = YES;
				CLANG_WARN_OBJC_ROOT_CLASS = YES_ERROR;
				CLANG_WARN_QUOTED_INCLUDE_IN_FRAMEWORK_HEADER = YES;
				CLANG_WARN_RANGE_LOOP_ANALYSIS = YES;
				CLANG_WARN_STRICT_PROTOTYPES = YES;
				CLANG_WARN_SUSPICIOUS_MOVE = YES;
				CLANG_WARN_UNGUARDED_AVAILABILITY = YES_AGGRESSIVE;
				CLANG_WARN_UNREACHABLE_CODE = YES;
				CLANG_WARN__DUPLICATE_METHOD_MATCH = YES;
				COPY_PHASE_STRIP = NO;
				DEBUG_INFORMATION_FORMAT = dwarf;
				ENABLE_STRICT_OBJC_MSGSEND = YES;
				ENABLE_TESTABILITY = YES;
				GCC_C_LANGUAGE_STANDARD = gnu11;
				GCC_DYNAMIC_NO_PIC = NO;
				GCC_NO_COMMON_BLOCKS = YES;
				GCC_OPTIMIZATION_LEVEL = 0;
				GCC_PREPROCESSOR_DEFINITIONS = (
					"DEBUG=1",
					"$(inherited)",
				);
				GCC_WARN_64_TO_32_BIT_CONVERSION = YES;
				GCC_WARN_ABOUT_RETURN_TYPE = YES_ERROR;
				GCC_WARN_UNDECLARED_SELECTOR = YES;
				GCC_WARN_UNINITIALIZED_AUTOS = YES_AGGRESSIVE;
				GCC_WARN_UNUSED_FUNCTION = YES;
				GCC_WARN_UNUSED_VARIABLE = YES;
				IPHONEOS_DEPLOYMENT_TARGET = 16.0;
				MTL_ENABLE_DEBUG_INFO = INCLUDE_SOURCE;
				MTL_FAST_MATH = YES;
				ONLY_ACTIVE_ARCH = YES;
				SDKROOT = iphoneos;
				SWIFT_ACTIVE_COMPILATION_CONDITIONS = DEBUG;
				SWIFT_OPTIMIZATION_LEVEL = "-Onone";
			};
			name = Debug;
		};
		24951DEC2A5A2A7B0003A75B /* Release */ = {
			isa = XCBuildConfiguration;
			buildSettings = {
				ALWAYS_SEARCH_USER_PATHS = NO;
				CLANG_ANALYZER_NONNULL = YES;
				CLANG_ANALYZER_NUMBER_OBJECT_CONVERSION = YES_AGGRESSIVE;
				CLANG_CXX_LANGUAGE_STANDARD = "gnu++20";
				CLANG_ENABLE_MODULES = YES;
				CLANG_ENABLE_OBJC_ARC = YES;
				CLANG_ENABLE_OBJC_WEAK = YES;
				CLANG_WARN_BLOCK_CAPTURE_AUTORELEASING = YES;
				CLANG_WARN_BOOL_CONVERSION = YES;
				CLANG_WARN_COMMA = YES;
				CLANG_WARN_CONSTANT_CONVERSION = YES;
				CLANG_WARN_DEPRECATED_OBJC_IMPLEMENTATIONS = YES;
				CLANG_WARN_DIRECT_OBJC_ISA_USAGE = YES_ERROR;
				CLANG_WARN_DOCUMENTATION_COMMENTS = YES;
				CLANG_WARN_EMPTY_BODY = YES;
				CLANG_WARN_ENUM_CONVERSION = YES;
				CLANG_WARN_INFINITE_RECURSION = YES;
				CLANG_WARN_INT_CONVERSION = YES;
				CLANG_WARN_NON_LITERAL_NULL_CONVERSION = YES;
				CLANG_WARN_OBJC_IMPLICIT_RETAIN_SELF = YES;
				CLANG_WARN_OBJC_LITERAL_CONVERSION = YES;
				CLANG_WARN_OBJC_ROOT_CLASS = YES_ERROR;
				CLANG_WARN_QUOTED_INCLUDE_IN_FRAMEWORK_HEADER = YES;
				CLANG_WARN_RANGE_LOOP_ANALYSIS = YES;
				CLANG_WARN_STRICT_PROTOTYPES = YES;
				CLANG_WARN_SUSPICIOUS_MOVE = YES;
				CLANG_WARN_UNGUARDED_AVAILABILITY = YES_AGGRESSIVE;
				CLANG_WARN_UNREACHABLE_CODE = YES;
				CLANG_WARN__DUPLICATE_METHOD_MATCH = YES;
				COPY_PHASE_STRIP = NO;
				DEBUG_INFORMATION_FORMAT = "dwarf-with-dsym";
				ENABLE_NS_ASSERTIONS = NO;
				ENABLE_STRICT_OBJC_MSGSEND = YES;
				GCC_C_LANGUAGE_STANDARD = gnu11;
				GCC_NO_COMMON_BLOCKS = YES;
				GCC_WARN_64_TO_32_BIT_CONVERSION = YES;
				GCC_WARN_ABOUT_RETURN_TYPE = YES_ERROR;
				GCC_WARN_UNDECLARED_SELECTOR = YES;
				GCC_WARN_UNINITIALIZED_AUTOS = YES_AGGRESSIVE;
				GCC_WARN_UNUSED_FUNCTION = YES;
				GCC_WARN_UNUSED_VARIABLE = YES;
				IPHONEOS_DEPLOYMENT_TARGET = 16.0;
				MTL_ENABLE_DEBUG_INFO = NO;
				MTL_FAST_MATH = YES;
				SDKROOT = iphoneos;
				SWIFT_COMPILATION_MODE = wholemodule;
				SWIFT_OPTIMIZATION_LEVEL = "-O";
				VALIDATE_PRODUCT = YES;
			};
			name = Release;
		};
		24951DEE2A5A2A7B0003A75B /* Debug */ = {
			isa = XCBuildConfiguration;
			buildSettings = {
				ASSETCATALOG_COMPILER_APPICON_NAME = AppIcon;
				ASSETCATALOG_COMPILER_GLOBAL_ACCENT_COLOR_NAME = AccentColor;
				CODE_SIGN_STYLE = Automatic;
				CURRENT_PROJECT_VERSION = 1;
				DEVELOPMENT_ASSET_PATHS = "\"Little Lemon/Preview Content\"";
				ENABLE_PREVIEWS = YES;
				GENERATE_INFOPLIST_FILE = YES;
				INFOPLIST_KEY_UIApplicationSceneManifest_Generation = YES;
				INFOPLIST_KEY_UIApplicationSupportsIndirectInputEvents = YES;
				INFOPLIST_KEY_UILaunchScreen_Generation = YES;
				INFOPLIST_KEY_UISupportedInterfaceOrientations_iPad = "UIInterfaceOrientationPortrait UIInterfaceOrientationPortraitUpsideDown UIInterfaceOrientationLandscapeLeft UIInterfaceOrientationLandscapeRight";
				INFOPLIST_KEY_UISupportedInterfaceOrientations_iPhone = "UIInterfaceOrientationPortrait UIInterfaceOrientationLandscapeLeft UIInterfaceOrientationLandscapeRight";
				LD_RUNPATH_SEARCH_PATHS = (
					"$(inherited)",
					"@executable_path/Frameworks",
				);
				MARKETING_VERSION = 1.0;
				PRODUCT_BUNDLE_IDENTIFIER = "com.littlelemon.Little-Lemon";
				PRODUCT_NAME = "$(TARGET_NAME)";
				SWIFT_EMIT_LOC_STRINGS = YES;
				SWIFT_VERSION = 5.0;
				TARGETED_DEVICE_FAMILY = "1,2";
			};
			name = Debug;
		};
		24951DEF2A5A2A7B0003A75B /* Release */ = {
			isa = XCBuildConfiguration;
			buildSettings = {
				ASSETCATALOG_COMPILER_APPICON_NAME = AppIcon;
				ASSETCATALOG_COMPILER_GLOBAL_ACCENT_COLOR_NAME = AccentColor;
				CODE_SIGN_STYLE = Automatic;
				CURRENT_PROJECT_VERSION = 1;
				DEVELOPMENT_ASSET_PATHS = "\"Little Lemon/Preview Content\"";
				ENABLE_PREVIEWS = YES;
				GENERATE_INFOPLIST_FILE = YES;
				INFOPLIST_KEY_UIApplicationSceneManifest_Generation = YES;
				INFOPLIST_KEY_UIApplicationSupportsIndirectInputEvents = YES;
				INFOPLIST_KEY_UILaunchScreen_Generation = YES;
				INFOPLIST_KEY_UISupportedInterfaceOrientations_iPad = "UIInterfaceOrientationPortrait UIInterfaceOrientationPortraitUpsideDown UIInterfaceOrientationLandscapeLeft UIInterfaceOrientationLandscapeRight";
				INFOPLIST_KEY_UISupportedInterfaceOrientations_iPhone = "UIInterfaceOrientationPortrait UIInterfaceOrientationLandscapeLeft UIInterfaceOrientationLandscapeRight";
				LD_RUNPATH_SEARCH_PATHS = (
					"$(inherited)",
					"@executable_path/Frameworks",
				);
				MARKETING_VERSION = 1.0;
				PRODUCT_BUNDLE_IDENTIFIER = "com.littlelemon.Little-Lemon";
				PRODUCT_NAME = "$(TARGET_NAME)";
				SWIFT_EMIT_LOC_STRINGS = YES;
				SWIFT_VERSION = 5.0;
				TARGETED_DEVICE_FAMILY = "1,2";
			};
			name = Release;
		};
		24951DF12A5A2A7B0003A75B /* Debug */ = {
			isa = XCBuildConfiguration;
			buildSettings = {
				ALWAYS_EMBED_SWIFT_STANDARD_LIBRARIES = YES;
				BUNDLE_LOADER = "$(TEST_HOST)";
				CODE_SIGN_STYLE = Automatic;
				CURRENT_PROJECT_VERSION = 1;
				GENERATE_INFOPLIST_FILE = YES;
				IPHONEOS_DEPLOYMENT_TARGET = 16.0;
				MARKETING_VERSION = 1.0;
				PRODUCT_BUNDLE_IDENTIFIER = "com.littlelemon.Little-LemonTests";
				PRODUCT_NAME = "$(TARGET_NAME)";
				SWIFT_EMIT_LOC_STRINGS = NO;
				SWIFT_VERSION = 5.0;
				TARGETED_DEVICE_FAMILY = "1,2";
				TEST_HOST = "$(BUILT_PRODUCTS_DIR)/Little Lemon.app/$(BUNDLE_EXECUTABLE_FOLDER_PATH)/Little Lemon";
			};
			name = Debug;
		};
		24951DF22A5A2A7B0003A75B /* Release */ = {
			isa = XCBuildConfiguration;
			buildSettings = {
				ALWAYS_EMBED_SWIFT_STANDARD_LIBRARIES = YES;
				BUNDLE_LOADER = "$(TEST_HOST)";
				CODE_SIGN_STYLE = Automatic;
				CURRENT_PROJECT_VERSION = 1;
				GENERATE_INFOPLIST_FILE = YES;
				IPHONEOS_DEPLOYMENT_TARGET = 16.0;
				MARKETING_VERSION = 1.0;
				PRODUCT_BUNDLE_IDENTIFIER = "com.littlelemon.Little-LemonTests";
				PRODUCT_NAME = "$(TARGET_NAME)";
				SWIFT_EMIT_LOC_STRINGS = NO;
				SWIFT_VERSION = 5.0;
				TARGETED_DEVICE_FAMILY = "1,2";
				TEST_HOST = "$(BUILT_PRODUCTS_DIR)/Little Lemon.app/$(BUNDLE_EXECUTABLE_FOLDER_PATH)/Little Lemon";
			};
			name = Release;
		};
		24951DF42A5A2A7B0003A75B /* Debug */ = {
			isa = XCBuildConfiguration;
			buildSettings = {
				ALWAYS_EMBED_SWIFT_STANDARD_LIBRARIES = YES;
				CODE_SIGN_STYLE = Automatic;
				CURRENT_PROJECT_VERSION = 1;
				GENERATE_INFOPLIST_FILE = YES;
				MARKETING_VERSION = 1.0;
				PRODUCT_BUNDLE_IDENTIFIER = "com.littlelemon.Little-LemonUITests";
				PRODUCT_NAME = "$(TARGET_NAME)";
				SWIFT_EMIT_LOC_STRINGS = NO;
				SWIFT_VERSION = 5.0;
				TARGETED_DEVICE_FAMILY = "1,2";
				TEST_TARGET_NAME = "Little Lemon";
			};
			name = Debug;
		};
		24951DF52A5A2A7B0003A75B /* Release */ = {
			isa = XCBuildConfiguration;
			buildSettings = {
				ALWAYS_EMBED_SWIFT_STANDARD_LIBRARIES = YES;
				CODE_SIGN_STYLE = Automatic;
				CURRENT_PROJECT_VERSION = 1;
				GENERATE_INFOPLIST_FILE = YES;
				MARKETING_VERSION = 1.0;
				PRODUCT_BUNDLE_IDENTIFIER = "com.littlelemon.Little-LemonUITests";
				PRODUCT_NAME = "$(TARGET_NAME)";
				SWIFT_EMIT_LOC_STRINGS = NO;
				SWIFT_VERSION = 5.0;
				TARGETED_DEVICE_FAMILY = "1,2";
				TEST_TARGET_NAME = "Little Lemon";
			};
			name = Release;
		};
/* End XCBuildConfiguration section */

/* Begin XCConfigurationList section */
		24951DBF2A5A2A760003A75B /* Build configuration list for PBXProject "Little Lemon" */ = {
			isa = XCConfigurationList;
			buildConfigurations = (
				24951DEB2A5A2A7B0003A75B /* Debug */,
				24951DEC2A5A2A7B0003A75B /* Release */,
			);
			defaultConfigurationIsVisible = 0;
			defaultConfigurationName = Release;
		};
		24951DED2A5A2A7B0003A75B /* Build configuration list for PBXNativeTarget "Little Lemon" */ = {
			isa = XCConfigurationList;
			buildConfigurations = (
				24951DEE2A5A2A7B0003A75B /* Debug */,
				24951DEF2A5A2A7B0003A75B /* Release */,
			);
			defaultConfigurationIsVisible = 0;
			defaultConfigurationName = Release;
		};
		24951DF02A5A2A7B0003A75B /* Build configuration list for PBXNativeTarget "Little LemonTests" */ = {
			isa = XCConfigurationList;
			buildConfigurations = (
				24951DF12A5A2A7B0003A75B /* Debug */,
				24951DF22A5A2A7B0003A75B /* Release */,
			);
			defaultConfigurationIsVisible = 0;
			defaultConfigurationName = Release;
		};
		24951DF32A5A2A7B0003A75B /* Build configuration list for PBXNativeTarget "Little LemonUITests" */ = {
			isa = XCConfigurationList;
			buildConfigurations = (
				24951DF42A5A2A7B0003A75B /* Debug */,
				24951DF52A5A2A7B0003A75B /* Release */,
			);
			defaultConfigurationIsVisible = 0;
			defaultConfigurationName = Release;
		};
/* End XCConfigurationList section */

/* Begin XCVersionGroup section */
		24951DD22A5A2A7A0003A75B /* Little_Lemon.xcdatamodeld */ = {
			isa = XCVersionGroup;
			children = (
				24951DD32A5A2A7A0003A75B /* Little_Lemon.xcdatamodel */,
			);
			currentVersion = 24951DD32A5A2A7A0003A75B /* Little_Lemon.xcdatamodel */;
			path = Little_Lemon.xcdatamodeld;
			sourceTree = "<group>";
			versionGroupType = wrapper.xcdatamodel;
		};
/* End XCVersionGroup section */
	};
	rootObject = 24951DBC2A5A2A760003A75B /* Project object */;
}
